Microsoft Visual Studio Solution File, Format Version 12.00
# Visual Studio Version 17
VisualStudioVersion = 17.5.2.0
MinimumVisualStudioVersion = 10.0.40219.1
Project("{FAE04EC0-301F-11D3-BF4B-00C04F79EFBC}") = "SmartRouting", "SmartRouting.csproj", "{08B5E4DB-8941-9AF8-9D6F-EB98841B81F3}"
EndProject
Global
	GlobalSection(SolutionConfigurationPlatforms) = preSolution
		Debug|Any CPU = Debug|Any CPU
		Release|Any CPU = Release|Any CPU
	EndGlobalSection
	GlobalSection(ProjectConfigurationPlatforms) = postSolution
		{08B5E4DB-8941-9AF8-9D6F-EB98841B81F3}.Debug|Any CPU.ActiveCfg = Debug|Any CPU
		{08B5E4DB-8941-9AF8-9D6F-EB98841B81F3}.Debug|Any CPU.Build.0 = Debug|Any CPU
		{08B5E4DB-8941-9AF8-9D6F-EB98841B81F3}.Release|Any CPU.ActiveCfg = Release|Any CPU
		{08B5E4DB-8941-9AF8-9D6F-EB98841B81F3}.Release|Any CPU.Build.0 = Release|Any CPU
	EndGlobalSection
	GlobalSection(SolutionProperties) = preSolution
		HideSolutionNode = FALSE
	EndGlobalSection
	GlobalSection(ExtensibilityGlobals) = postSolution
		SolutionGuid = {285DA0C6-A62B-42D0-9BA7-A5BB475456AF}
	EndGlobalSection
EndGlobal
